
Microsoft Visual Studio Solution File, Format Version 11.00
# Visual Studio 2010
Project("{002A2DE9-8BB6-484D-9802-7E4AD4084715}") = "PeriodDragon", "PeriodDragon.visualdproj", "{6BD194D8-5820-48E7-BC84-C95E044AF67C}"
EndProject
Global
	GlobalSection(SolutionConfigurationPlatforms) = preSolution
		Debug|Win32 = Debug|Win32
		Release|Win32 = Release|Win32
	EndGlobalSection
	GlobalSection(ProjectConfigurationPlatforms) = postSolution
		{6BD194D8-5820-48E7-BC84-C95E044AF67C}.Debug|Win32.ActiveCfg = Debug|Win32
		{6BD194D8-5820-48E7-BC84-C95E044AF67C}.Debug|Win32.Build.0 = Debug|Win32
		{6BD194D8-5820-48E7-BC84-C95E044AF67C}.Release|Win32.ActiveCfg = Release|Win32
		{6BD194D8-5820-48E7-BC84-C95E044AF67C}.Release|Win32.Build.0 = Release|Win32
	EndGlobalSection
	GlobalSection(SolutionProperties) = preSolution
		HideSolutionNode = FALSE
	EndGlobalSection
EndGlobal
